
Microsoft Visual Studio Solution File, Format Version 12.00
# Visual Studio Version 17
VisualStudioVersion = 17.3.32922.545
MinimumVisualStudioVersion = 10.0.40219.1
Project("{2150E333-8FDC-42A3-9474-1A3956D46DE8}") = "src", "src", "{361537C7-1917-4175-A4E3-DFB1874A9F61}"
EndProject
Project("{2150E333-8FDC-42A3-9474-1A3956D46DE8}") = "tests", "tests", "{1FACC27E-52EF-40B2-8D6B-7F3355E7A95E}"
EndProject
Project("{FAE04EC0-301F-11D3-BF4B-00C04F79EFBC}") = "Expenses.Api.Common", "Expenses.Api.Common\Expenses.Api.Common.csproj", "{304D1DD2-7C9F-43AE-A773-56D8A03A8037}"
EndProject
Project("{FAE04EC0-301F-11D3-BF4B-00C04F79EFBC}") = "Expenses.Api.Models", "Expenses.Api.Models\Expenses.Api.Models.csproj", "{534E5EE0-BE09-4A5A-AD46-84830D789000}"
EndProject
Project("{FAE04EC0-301F-11D3-BF4B-00C04F79EFBC}") = "Expenses.Data.Access", "Expenses.Data.Access\Expenses.Data.Access.csproj", "{1A6FA3A3-FF7A-455A-B459-2025D1DC3FD3}"
EndProject
Project("{FAE04EC0-301F-11D3-BF4B-00C04F79EFBC}") = "Expenses.Data.Model", "Expenses.Data.Model\Expenses.Data.Model.csproj", "{D2BA3798-AC23-4A8A-B0EB-090EE3FB1785}"
EndProject
Project("{FAE04EC0-301F-11D3-BF4B-00C04F79EFBC}") = "Expenses.Queries", "Expenses.Queries\Expenses.Queries.csproj", "{AD8473CC-C479-4DBF-AA5E-153F370D2B58}"
EndProject
Project("{FAE04EC0-301F-11D3-BF4B-00C04F79EFBC}") = "Expenses.Secuirity", "Expenses.Secuirity\Expenses.Secuirity.csproj", "{A42B5511-33C7-4E04-AA3C-D820B06CE690}"
EndProject
Project("{FAE04EC0-301F-11D3-BF4B-00C04F79EFBC}") = "Expenses.Api.IntegrationTests", "Expenses.Api.IntegrationTests\Expenses.Api.IntegrationTests.csproj", "{12B6E3F6-F9EE-4BCB-B39E-9C61B0DC95F2}"
EndProject
Project("{FAE04EC0-301F-11D3-BF4B-00C04F79EFBC}") = "Expenses.Queries.Tests", "Expenses.Queries.Tests\Expenses.Queries.Tests.csproj", "{5F22AB91-9410-4AE6-A393-A0393B492F6A}"
EndProject
Project("{FAE04EC0-301F-11D3-BF4B-00C04F79EFBC}") = "Expenses", "Expenses\Expenses.csproj", "{3E360CDA-F160-4DA6-BADB-C0F9BB310B72}"
EndProject
Global
	GlobalSection(SolutionConfigurationPlatforms) = preSolution
		Debug|Any CPU = Debug|Any CPU
		Release|Any CPU = Release|Any CPU
	EndGlobalSection
	GlobalSection(ProjectConfigurationPlatforms) = postSolution
		{304D1DD2-7C9F-43AE-A773-56D8A03A8037}.Debug|Any CPU.ActiveCfg = Debug|Any CPU
		{304D1DD2-7C9F-43AE-A773-56D8A03A8037}.Debug|Any CPU.Build.0 = Debug|Any CPU
		{304D1DD2-7C9F-43AE-A773-56D8A03A8037}.Release|Any CPU.ActiveCfg = Release|Any CPU
		{304D1DD2-7C9F-43AE-A773-56D8A03A8037}.Release|Any CPU.Build.0 = Release|Any CPU
		{534E5EE0-BE09-4A5A-AD46-84830D789000}.Debug|Any CPU.ActiveCfg = Debug|Any CPU
		{534E5EE0-BE09-4A5A-AD46-84830D789000}.Debug|Any CPU.Build.0 = Debug|Any CPU
		{534E5EE0-BE09-4A5A-AD46-84830D789000}.Release|Any CPU.ActiveCfg = Release|Any CPU
		{534E5EE0-BE09-4A5A-AD46-84830D789000}.Release|Any CPU.Build.0 = Release|Any CPU
		{1A6FA3A3-FF7A-455A-B459-2025D1DC3FD3}.Debug|Any CPU.ActiveCfg = Debug|Any CPU
		{1A6FA3A3-FF7A-455A-B459-2025D1DC3FD3}.Debug|Any CPU.Build.0 = Debug|Any CPU
		{1A6FA3A3-FF7A-455A-B459-2025D1DC3FD3}.Release|Any CPU.ActiveCfg = Release|Any CPU
		{1A6FA3A3-FF7A-455A-B459-2025D1DC3FD3}.Release|Any CPU.Build.0 = Release|Any CPU
		{D2BA3798-AC23-4A8A-B0EB-090EE3FB1785}.Debug|Any CPU.ActiveCfg = Debug|Any CPU
		{D2BA3798-AC23-4A8A-B0EB-090EE3FB1785}.Debug|Any CPU.Build.0 = Debug|Any CPU
		{D2BA3798-AC23-4A8A-B0EB-090EE3FB1785}.Release|Any CPU.ActiveCfg = Release|Any CPU
		{D2BA3798-AC23-4A8A-B0EB-090EE3FB1785}.Release|Any CPU.Build.0 = Release|Any CPU
		{AD8473CC-C479-4DBF-AA5E-153F370D2B58}.Debug|Any CPU.ActiveCfg = Debug|Any CPU
		{AD8473CC-C479-4DBF-AA5E-153F370D2B58}.Debug|Any CPU.Build.0 = Debug|Any CPU
		{AD8473CC-C479-4DBF-AA5E-153F370D2B58}.Release|Any CPU.ActiveCfg = Release|Any CPU
		{AD8473CC-C479-4DBF-AA5E-153F370D2B58}.Release|Any CPU.Build.0 = Release|Any CPU
		{A42B5511-33C7-4E04-AA3C-D820B06CE690}.Debug|Any CPU.ActiveCfg = Debug|Any CPU
		{A42B5511-33C7-4E04-AA3C-D820B06CE690}.Debug|Any CPU.Build.0 = Debug|Any CPU
		{A42B5511-33C7-4E04-AA3C-D820B06CE690}.Release|Any CPU.ActiveCfg = Release|Any CPU
		{A42B5511-33C7-4E04-AA3C-D820B06CE690}.Release|Any CPU.Build.0 = Release|Any CPU
		{12B6E3F6-F9EE-4BCB-B39E-9C61B0DC95F2}.Debug|Any CPU.ActiveCfg = Debug|Any CPU
		{12B6E3F6-F9EE-4BCB-B39E-9C61B0DC95F2}.Debug|Any CPU.Build.0 = Debug|Any CPU
		{12B6E3F6-F9EE-4BCB-B39E-9C61B0DC95F2}.Release|Any CPU.ActiveCfg = Release|Any CPU
		{12B6E3F6-F9EE-4BCB-B39E-9C61B0DC95F2}.Release|Any CPU.Build.0 = Release|Any CPU
		{5F22AB91-9410-4AE6-A393-A0393B492F6A}.Debug|Any CPU.ActiveCfg = Debug|Any CPU
		{5F22AB91-9410-4AE6-A393-A0393B492F6A}.Debug|Any CPU.Build.0 = Debug|Any CPU
		{5F22AB91-9410-4AE6-A393-A0393B492F6A}.Release|Any CPU.ActiveCfg = Release|Any CPU
		{5F22AB91-9410-4AE6-A393-A0393B492F6A}.Release|Any CPU.Build.0 = Release|Any CPU
		{3E360CDA-F160-4DA6-BADB-C0F9BB310B72}.Debug|Any CPU.ActiveCfg = Debug|Any CPU
		{3E360CDA-F160-4DA6-BADB-C0F9BB310B72}.Debug|Any CPU.Build.0 = Debug|Any CPU
		{3E360CDA-F160-4DA6-BADB-C0F9BB310B72}.Release|Any CPU.ActiveCfg = Release|Any CPU
		{3E360CDA-F160-4DA6-BADB-C0F9BB310B72}.Release|Any CPU.Build.0 = Release|Any CPU
	EndGlobalSection
	GlobalSection(SolutionProperties) = preSolution
		HideSolutionNode = FALSE
	EndGlobalSection
	GlobalSection(NestedProjects) = preSolution
		{304D1DD2-7C9F-43AE-A773-56D8A03A8037} = {361537C7-1917-4175-A4E3-DFB1874A9F61}
		{534E5EE0-BE09-4A5A-AD46-84830D789000} = {361537C7-1917-4175-A4E3-DFB1874A9F61}
		{1A6FA3A3-FF7A-455A-B459-2025D1DC3FD3} = {361537C7-1917-4175-A4E3-DFB1874A9F61}
		{D2BA3798-AC23-4A8A-B0EB-090EE3FB1785} = {361537C7-1917-4175-A4E3-DFB1874A9F61}
		{AD8473CC-C479-4DBF-AA5E-153F370D2B58} = {361537C7-1917-4175-A4E3-DFB1874A9F61}
		{A42B5511-33C7-4E04-AA3C-D820B06CE690} = {361537C7-1917-4175-A4E3-DFB1874A9F61}
		{12B6E3F6-F9EE-4BCB-B39E-9C61B0DC95F2} = {1FACC27E-52EF-40B2-8D6B-7F3355E7A95E}
		{5F22AB91-9410-4AE6-A393-A0393B492F6A} = {1FACC27E-52EF-40B2-8D6B-7F3355E7A95E}
		{3E360CDA-F160-4DA6-BADB-C0F9BB310B72} = {361537C7-1917-4175-A4E3-DFB1874A9F61}
	EndGlobalSection
	GlobalSection(ExtensibilityGlobals) = postSolution
		SolutionGuid = {0B7B494B-4489-41AF-9597-7F0CBE2B0CD6}
	EndGlobalSection
EndGlobal
